
Microsoft Visual Studio Solution File, Format Version 12.00
# Visual Studio Version 16
VisualStudioVersion = 16.0.34031.81
MinimumVisualStudioVersion = 10.0.40219.1
Project("{F184B08F-C81C-45F6-A57F-5ABD9991F28F}") = "Assignment 1", "Assignment 1.vbproj", "{CBB769BF-0D3D-437B-BF8E-87F4E9DACC05}"
EndProject
Global
	GlobalSection(SolutionConfigurationPlatforms) = preSolution
		Debug|Any CPU = Debug|Any CPU
		Release|Any CPU = Release|Any CPU
	EndGlobalSection
	GlobalSection(ProjectConfigurationPlatforms) = postSolution
		{CBB769BF-0D3D-437B-BF8E-87F4E9DACC05}.Debug|Any CPU.ActiveCfg = Debug|Any CPU
		{CBB769BF-0D3D-437B-BF8E-87F4E9DACC05}.Debug|Any CPU.Build.0 = Debug|Any CPU
		{CBB769BF-0D3D-437B-BF8E-87F4E9DACC05}.Release|Any CPU.ActiveCfg = Release|Any CPU
		{CBB769BF-0D3D-437B-BF8E-87F4E9DACC05}.Release|Any CPU.Build.0 = Release|Any CPU
	EndGlobalSection
	GlobalSection(SolutionProperties) = preSolution
		HideSolutionNode = FALSE
	EndGlobalSection
	GlobalSection(ExtensibilityGlobals) = postSolution
		SolutionGuid = {FE513E31-2F43-4A9E-B35C-10C9C21CD540}
	EndGlobalSection
EndGlobal
